
Microsoft Visual Studio Solution File, Format Version 12.00
# Visual Studio Version 16
VisualStudioVersion = 16.0.30611.23
MinimumVisualStudioVersion = 10.0.40219.1
Project("{9A19103F-16F7-4668-BE54-9A1E7A4F7556}") = "CanvasRabbitMQSender", "CanvasRabbitMQSender\CanvasRabbitMQSender.csproj", "{A9936884-5827-45D4-B6DB-460F56B8CC6E}"
EndProject
Project("{FAE04EC0-301F-11D3-BF4B-00C04F79EFBC}") = "CanvasRabitMQSenderTests", "CanvasRabitMQSenderTests\CanvasRabitMQSenderTests.csproj", "{84EDAF89-F6C7-44E5-854E-F6214E707818}"
EndProject
Global
	GlobalSection(SolutionConfigurationPlatforms) = preSolution
		Debug|Any CPU = Debug|Any CPU
		Release|Any CPU = Release|Any CPU
	EndGlobalSection
	GlobalSection(ProjectConfigurationPlatforms) = postSolution
		{A9936884-5827-45D4-B6DB-460F56B8CC6E}.Debug|Any CPU.ActiveCfg = Debug|Any CPU
		{A9936884-5827-45D4-B6DB-460F56B8CC6E}.Debug|Any CPU.Build.0 = Debug|Any CPU
		{A9936884-5827-45D4-B6DB-460F56B8CC6E}.Release|Any CPU.ActiveCfg = Release|Any CPU
		{A9936884-5827-45D4-B6DB-460F56B8CC6E}.Release|Any CPU.Build.0 = Release|Any CPU
		{84EDAF89-F6C7-44E5-854E-F6214E707818}.Debug|Any CPU.ActiveCfg = Debug|Any CPU
		{84EDAF89-F6C7-44E5-854E-F6214E707818}.Debug|Any CPU.Build.0 = Debug|Any CPU
		{84EDAF89-F6C7-44E5-854E-F6214E707818}.Release|Any CPU.ActiveCfg = Release|Any CPU
		{84EDAF89-F6C7-44E5-854E-F6214E707818}.Release|Any CPU.Build.0 = Release|Any CPU
	EndGlobalSection
	GlobalSection(SolutionProperties) = preSolution
		HideSolutionNode = FALSE
	EndGlobalSection
	GlobalSection(ExtensibilityGlobals) = postSolution
		SolutionGuid = {EAB62504-0550-4D8E-B702-A6AC652A50AB}
	EndGlobalSection
EndGlobal
